Microsoft Visual Studio Solution File, Format Version 8.00
Project("{FAE04EC0-301F-11D3-BF4B-00C04F79EFBC}") = "StormChart", "StormChart.csproj", "{0E279748-3D0F-4B1D-8404-10A4B9233DF0}"
	ProjectSection(ProjectDependencies) = postProject
	EndProjectSection
EndProject
Project("{FAE04EC0-301F-11D3-BF4B-00C04F79EFBC}") = "StormChartSample", "..\StormChartSample\StormChartSample.csproj", "{D8AF2842-029A-40D3-A58A-615F8E4B2D3B}"
	ProjectSection(ProjectDependencies) = postProject
	EndProjectSection
EndProject
Global
	GlobalSection(SolutionConfiguration) = preSolution
		Debug = Debug
		Release = Release
	EndGlobalSection
	GlobalSection(ProjectConfiguration) = postSolution
		{0E279748-3D0F-4B1D-8404-10A4B9233DF0}.Debug.ActiveCfg = Debug|.NET
		{0E279748-3D0F-4B1D-8404-10A4B9233DF0}.Debug.Build.0 = Debug|.NET
		{0E279748-3D0F-4B1D-8404-10A4B9233DF0}.Release.ActiveCfg = Release|.NET
		{0E279748-3D0F-4B1D-8404-10A4B9233DF0}.Release.Build.0 = Release|.NET
		{D8AF2842-029A-40D3-A58A-615F8E4B2D3B}.Debug.ActiveCfg = Debug|.NET
		{D8AF2842-029A-40D3-A58A-615F8E4B2D3B}.Debug.Build.0 = Debug|.NET
		{D8AF2842-029A-40D3-A58A-615F8E4B2D3B}.Release.ActiveCfg = Release|.NET
		{D8AF2842-029A-40D3-A58A-615F8E4B2D3B}.Release.Build.0 = Release|.NET
	EndGlobalSection
	GlobalSection(ExtensibilityGlobals) = postSolution
	EndGlobalSection
	GlobalSection(ExtensibilityAddIns) = postSolution
	EndGlobalSection
EndGlobal
